
Microsoft Visual Studio Solution File, Format Version 12.00
# Visual Studio 15
VisualStudioVersion = 15.0.26430.6
MinimumVisualStudioVersion = 10.0.40219.1
Project("{FAE04EC0-301F-11D3-BF4B-00C04F79EFBC}") = "Vakta.Core", "Vakta.Core\Vakta.Core.csproj", "{27A4AAAA-8F3F-41AC-9B17-2EB8B08474C4}"
EndProject
Global
	GlobalSection(SolutionConfigurationPlatforms) = preSolution
		Debug|Any CPU = Debug|Any CPU
		Release|Any CPU = Release|Any CPU
	EndGlobalSection
	GlobalSection(ProjectConfigurationPlatforms) = postSolution
		{27A4AAAA-8F3F-41AC-9B17-2EB8B08474C4}.Debug|Any CPU.ActiveCfg = Debug|Any CPU
		{27A4AAAA-8F3F-41AC-9B17-2EB8B08474C4}.Debug|Any CPU.Build.0 = Debug|Any CPU
		{27A4AAAA-8F3F-41AC-9B17-2EB8B08474C4}.Release|Any CPU.ActiveCfg = Release|Any CPU
		{27A4AAAA-8F3F-41AC-9B17-2EB8B08474C4}.Release|Any CPU.Build.0 = Release|Any CPU
	EndGlobalSection
	GlobalSection(SolutionProperties) = preSolution
		HideSolutionNode = FALSE
	EndGlobalSection
EndGlobal
